
Microsoft Visual Studio Solution File, Format Version 12.00
# Visual Studio Version 17
VisualStudioVersion = 17.10.35004.147
MinimumVisualStudioVersion = 10.0.40219.1
Project("{FAE04EC0-301F-11D3-BF4B-00C04F79EFBC}") = "HungerNoFear_NativeModloader", "HungerNoFear_NativeModloader\HungerNoFear_NativeModloader.csproj", "{4B9289D8-981D-4F5C-BE7A-11F052D7C934}"
EndProject
Global
	GlobalSection(SolutionConfigurationPlatforms) = preSolution
		Debug|Any CPU = Debug|Any CPU
		Release|Any CPU = Release|Any CPU
	EndGlobalSection
	GlobalSection(ProjectConfigurationPlatforms) = postSolution
		{4B9289D8-981D-4F5C-BE7A-11F052D7C934}.Debug|Any CPU.ActiveCfg = Debug|Any CPU
		{4B9289D8-981D-4F5C-BE7A-11F052D7C934}.Debug|Any CPU.Build.0 = Debug|Any CPU
		{4B9289D8-981D-4F5C-BE7A-11F052D7C934}.Release|Any CPU.ActiveCfg = Release|Any CPU
		{4B9289D8-981D-4F5C-BE7A-11F052D7C934}.Release|Any CPU.Build.0 = Release|Any CPU
	EndGlobalSection
	GlobalSection(SolutionProperties) = preSolution
		HideSolutionNode = FALSE
	EndGlobalSection
	GlobalSection(ExtensibilityGlobals) = postSolution
		SolutionGuid = {83CE92A3-82F9-4588-9AC3-BB9137E94D22}
	EndGlobalSection
EndGlobal
